
Microsoft Visual Studio Solution File, Format Version 12.00
# Visual Studio Version 17
VisualStudioVersion = 17.9.34902.65
MinimumVisualStudioVersion = 10.0.40219.1
Project("{FAE04EC0-301F-11D3-BF4B-00C04F79EFBC}") = "REST3DemoClient", "REST3DemoClient\REST3DemoClient.csproj", "{2ABBD33F-4B61-480B-A694-85C211A5E1C9}"
EndProject
Global
	GlobalSection(SolutionConfigurationPlatforms) = preSolution
		Debug|Any CPU = Debug|Any CPU
		Release|Any CPU = Release|Any CPU
	EndGlobalSection
	GlobalSection(ProjectConfigurationPlatforms) = postSolution
		{2ABBD33F-4B61-480B-A694-85C211A5E1C9}.Debug|Any CPU.ActiveCfg = Debug|Any CPU
		{2ABBD33F-4B61-480B-A694-85C211A5E1C9}.Debug|Any CPU.Build.0 = Debug|Any CPU
		{2ABBD33F-4B61-480B-A694-85C211A5E1C9}.Release|Any CPU.ActiveCfg = Release|Any CPU
		{2ABBD33F-4B61-480B-A694-85C211A5E1C9}.Release|Any CPU.Build.0 = Release|Any CPU
	EndGlobalSection
	GlobalSection(SolutionProperties) = preSolution
		HideSolutionNode = FALSE
	EndGlobalSection
	GlobalSection(ExtensibilityGlobals) = postSolution
		SolutionGuid = {67B8BF34-6107-428F-9EBE-AC673E54E71D}
	EndGlobalSection
EndGlobal
